# This file is automatically @generated by Cargo.
# It is not intended for manual editing.
version = 4

[[package]]
name = "credential-helper"
version = "0.0.0"

[[package]]
name = "forge-core"
version = "0.0.0"

[[package]]
name = "forge-github"
version = "0.0.0"
dependencies = [
 "forge-core",
]

[[package]]
name = "forge-gitlab"
version = "0.0.0"
dependencies = [
 "forge-core",
]

[[package]]
name = "git-engine"
version = "0.0.0"

[[package]]
name = "git-engine-cli"
version = "0.0.0"
dependencies = [
 "git-engine",
]
